github.com/FeiNiaoBF/hugo-theme-inyo v0.3.0 h1:OdmwHFn1dM7vd207Nrsfpy+LLuQq7nuEFS99LpU/Opw=
github.com/FeiNiaoBF/hugo-theme-inyo v0.3.0/go.mod h1:QRvkcWMdUFX58+6LPatJs7hkJW/6slgraA4JCwczU04=
github.com/FeiNiaoBF/hugo-theme-inyo v0.4.0 h1:4E6x1foETti8dxvTEz+8YNJr1dDdvyIl/6QGn2jS+l8=
github.com/FeiNiaoBF/hugo-theme-inyo v0.4.0/go.mod h1:QRvkcWMdUFX58+6LPatJs7hkJW/6slgraA4JCwczU04=
github.com/FeiNiaoBF/hugo-theme-inyo v0.5.1 h1:Fvr3IG0Tg40RfH0hxRHibgfAoUTmmy4rUGeIV9qYJJs=
github.com/FeiNiaoBF/hugo-theme-inyo v0.5.1/go.mod h1:QRvkcWMdUFX58+6LPatJs7hkJW/6slgraA4JCwczU04=
